{
  "name": "stayhere.json",
  "version": "1.0.0",
  "lockfileVersion": 1,
  "requires": true,
  "dependencies": {
    "@discordoo/collection": {
      "version": "1.0.12",
      "resolved": "https://registry.npmjs.org/@discordoo/collection/-/collection-1.0.12.tgz",
      "integrity": "sha512-KwJ2iTqXneOpFmcyKmkJguOt77L6hktln1oIZGWkivQiSOTk+wyPCny/nkV0KgxiihwlRk3Wm5hPdS/B8G7mCw==",
      "requires": {
        "@types/node": "^12.0.0",
        "tslib": "^2.3.1"
      }
    },
    "@types/node": {
      "version": "12.20.38",
      "resolved": "https://registry.npmjs.org/@types/node/-/node-12.20.38.tgz",
      "integrity": "sha512-NxmtBRGipjx1B225OeMdI+CQmLbYqvvmYbukDTJGDgzIDgPQ1EcjGmYxGhOk5hTBqeB558S6RgHSpq2iiqifAQ=="
    },
    "fs": {
      "version": "0.0.1-security",
      "resolved": "https://registry.npmjs.org/fs/-/fs-0.0.1-security.tgz",
      "integrity": "sha1-invTcYa23d84E/I4WLV+yq9eQdQ="
    },
    "inherits": {
      "version": "2.0.3",
      "resolved": "https://registry.npmjs.org/inherits/-/inherits-2.0.3.tgz",
      "integrity": "sha1-Yzwsg+PaQqUC9SRmAiSA9CCCYd4="
    },
    "path": {
      "version": "0.12.7",
      "resolved": "https://registry.npmjs.org/path/-/path-0.12.7.tgz",
      "integrity": "sha1-1NwqUGxM4hl+tIHr/NWzbAFAsQ8=",
      "requires": {
        "process": "^0.11.1",
        "util": "^0.10.3"
      }
    },
    "process": {
      "version": "0.11.10",
      "resolved": "https://registry.npmjs.org/process/-/process-0.11.10.tgz",
      "integrity": "sha1-czIwDoQBYb2j5podHZGn1LwW8YI="
    },
    "tslib": {
      "version": "2.3.1",
      "resolved": "https://registry.npmjs.org/tslib/-/tslib-2.3.1.tgz",
      "integrity": "sha512-77EbyPPpMz+FRFRuAFlWMtmgUWGe9UOG2Z25NqCwiIjRhOf5iKGuzSe5P2w1laq+FkRy4p+PCuVkJSGkzTEKVw=="
    },
    "util": {
      "version": "0.10.4",
      "resolved": "https://registry.npmjs.org/util/-/util-0.10.4.tgz",
      "integrity": "sha512-0Pm9hTQ3se5ll1XihRic3FDIku70C+iHUdT/W926rSgHV5QgXsYbKZN8MSC3tJtSkhuROzvsQjAaFENRXr+19A==",
      "requires": {
        "inherits": "2.0.3"
      }
    }
  }
}
